
Microsoft Visual Studio Solution File, Format Version 12.00
# Visual Studio 15
VisualStudioVersion = 15.0.27004.2008
MinimumVisualStudioVersion = 10.0.40219.1
Project("{9A19103F-16F7-4668-BE54-9A1E7A4F7556}") = "STDShop", "STDShop\STDShop.csproj", "{4170BD3C-8171-4649-8AF7-EAC28579F58D}"
EndProject
Project("{FAE04EC0-301F-11D3-BF4B-00C04F79EFBC}") = "STDShop.Infrastruture", "STDShop.Infrastruture\STDShop.Infrastruture.csproj", "{BDBEEE84-A868-42BD-A1E8-9E56715381D7}"
EndProject
Project("{FAE04EC0-301F-11D3-BF4B-00C04F79EFBC}") = "STDShop.Ultilities", "STDShop.Ultilities\STDShop.Ultilities.csproj", "{AB31DDF2-8623-465C-BDFA-98C19DAF802C}"
EndProject
Project("{FAE04EC0-301F-11D3-BF4B-00C04F79EFBC}") = "STDShop.Data", "STDShop.Data\STDShop.Data.csproj", "{85B15AB8-71D8-4534-B429-04CDEC7B9D64}"
EndProject
Project("{FAE04EC0-301F-11D3-BF4B-00C04F79EFBC}") = "STDShop.Data.EF", "STDShop.Data.EF\STDShop.Data.EF.csproj", "{1378B054-FEB3-4193-BE8A-296E65DA189B}"
EndProject
Project("{FAE04EC0-301F-11D3-BF4B-00C04F79EFBC}") = "STDShop.Services", "STDShop.Services\STDShop.Services.csproj", "{2659EB76-F776-4A85-945D-0A2E6E89C000}"
EndProject
Project("{2150E333-8FDC-42A3-9474-1A3956D46DE8}") = "1.Presentation", "1.Presentation", "{46DFC0AA-95CE-45A9-A208-3A9279362F40}"
EndProject
Project("{2150E333-8FDC-42A3-9474-1A3956D46DE8}") = "2.Application", "2.Application", "{DFB4109B-28EC-4202-A886-0155041DA62A}"
EndProject
Project("{2150E333-8FDC-42A3-9474-1A3956D46DE8}") = "3.Domain", "3.Domain", "{6ACCF288-5D69-4FB4-9C72-78BF7C7F1563}"
EndProject
Project("{2150E333-8FDC-42A3-9474-1A3956D46DE8}") = "4.Infrastructure", "4.Infrastructure", "{B08869E2-8582-4F4B-8304-06CA53E5AC91}"
EndProject
Global
	GlobalSection(SolutionConfigurationPlatforms) = preSolution
		Debug|Any CPU = Debug|Any CPU
		Release|Any CPU = Release|Any CPU
	EndGlobalSection
	GlobalSection(ProjectConfigurationPlatforms) = postSolution
		{4170BD3C-8171-4649-8AF7-EAC28579F58D}.Debug|Any CPU.ActiveCfg = Debug|Any CPU
		{4170BD3C-8171-4649-8AF7-EAC28579F58D}.Debug|Any CPU.Build.0 = Debug|Any CPU
		{4170BD3C-8171-4649-8AF7-EAC28579F58D}.Release|Any CPU.ActiveCfg = Release|Any CPU
		{4170BD3C-8171-4649-8AF7-EAC28579F58D}.Release|Any CPU.Build.0 = Release|Any CPU
		{BDBEEE84-A868-42BD-A1E8-9E56715381D7}.Debug|Any CPU.ActiveCfg = Debug|Any CPU
		{BDBEEE84-A868-42BD-A1E8-9E56715381D7}.Debug|Any CPU.Build.0 = Debug|Any CPU
		{BDBEEE84-A868-42BD-A1E8-9E56715381D7}.Release|Any CPU.ActiveCfg = Release|Any CPU
		{BDBEEE84-A868-42BD-A1E8-9E56715381D7}.Release|Any CPU.Build.0 = Release|Any CPU
		{AB31DDF2-8623-465C-BDFA-98C19DAF802C}.Debug|Any CPU.ActiveCfg = Debug|Any CPU
		{AB31DDF2-8623-465C-BDFA-98C19DAF802C}.Debug|Any CPU.Build.0 = Debug|Any CPU
		{AB31DDF2-8623-465C-BDFA-98C19DAF802C}.Release|Any CPU.ActiveCfg = Release|Any CPU
		{AB31DDF2-8623-465C-BDFA-98C19DAF802C}.Release|Any CPU.Build.0 = Release|Any CPU
		{85B15AB8-71D8-4534-B429-04CDEC7B9D64}.Debug|Any CPU.ActiveCfg = Debug|Any CPU
		{85B15AB8-71D8-4534-B429-04CDEC7B9D64}.Debug|Any CPU.Build.0 = Debug|Any CPU
		{85B15AB8-71D8-4534-B429-04CDEC7B9D64}.Release|Any CPU.ActiveCfg = Release|Any CPU
		{85B15AB8-71D8-4534-B429-04CDEC7B9D64}.Release|Any CPU.Build.0 = Release|Any CPU
		{1378B054-FEB3-4193-BE8A-296E65DA189B}.Debug|Any CPU.ActiveCfg = Debug|Any CPU
		{1378B054-FEB3-4193-BE8A-296E65DA189B}.Debug|Any CPU.Build.0 = Debug|Any CPU
		{1378B054-FEB3-4193-BE8A-296E65DA189B}.Release|Any CPU.ActiveCfg = Release|Any CPU
		{1378B054-FEB3-4193-BE8A-296E65DA189B}.Release|Any CPU.Build.0 = Release|Any CPU
		{2659EB76-F776-4A85-945D-0A2E6E89C000}.Debug|Any CPU.ActiveCfg = Debug|Any CPU
		{2659EB76-F776-4A85-945D-0A2E6E89C000}.Debug|Any CPU.Build.0 = Debug|Any CPU
		{2659EB76-F776-4A85-945D-0A2E6E89C000}.Release|Any CPU.ActiveCfg = Release|Any CPU
		{2659EB76-F776-4A85-945D-0A2E6E89C000}.Release|Any CPU.Build.0 = Release|Any CPU
	EndGlobalSection
	GlobalSection(SolutionProperties) = preSolution
		HideSolutionNode = FALSE
	EndGlobalSection
	GlobalSection(NestedProjects) = preSolution
		{4170BD3C-8171-4649-8AF7-EAC28579F58D} = {46DFC0AA-95CE-45A9-A208-3A9279362F40}
		{BDBEEE84-A868-42BD-A1E8-9E56715381D7} = {B08869E2-8582-4F4B-8304-06CA53E5AC91}
		{AB31DDF2-8623-465C-BDFA-98C19DAF802C} = {B08869E2-8582-4F4B-8304-06CA53E5AC91}
		{85B15AB8-71D8-4534-B429-04CDEC7B9D64} = {6ACCF288-5D69-4FB4-9C72-78BF7C7F1563}
		{1378B054-FEB3-4193-BE8A-296E65DA189B} = {6ACCF288-5D69-4FB4-9C72-78BF7C7F1563}
		{2659EB76-F776-4A85-945D-0A2E6E89C000} = {DFB4109B-28EC-4202-A886-0155041DA62A}
	EndGlobalSection
	GlobalSection(ExtensibilityGlobals) = postSolution
		SolutionGuid = {BC96A4E2-A44C-430D-B2E4-44F4C220FA10}
	EndGlobalSection
EndGlobal
